// !$*UTF8*$!
{
	archiveVersion = 1;
	classes = {
	};
	objectVersion = 50;
	objects = {

/* Begin PBXBuildFile section */
		8B9C5BB625BAC55A00804E46 /* AppDelegate.swift in Sources */ = {isa = PBXBuildFile; fileRef = 8B9C5BB525BAC55A00804E46 /* AppDelegate.swift */; };
		8B9C5BB825BAC55A00804E46 /* SceneDelegate.swift in Sources */ = {isa = PBXBuildFile; fileRef = 8B9C5BB725BAC55A00804E46 /* SceneDelegate.swift */; };
		8B9C5BBA25BAC55A00804E46 /* ViewController.swift in Sources */ = {isa = PBXBuildFile; fileRef = 8B9C5BB925BAC55A00804E46 /* ViewController.swift */; };
		8B9C5BBD25BAC55A00804E46 /* Main.storyboard in Resources */ = {isa = PBXBuildFile; fileRef = 8B9C5BBB25BAC55A00804E46 /* Main.storyboard */; };
		8B9C5BBF25BAC55D00804E46 /* Assets.xcassets in Resources */ = {isa = PBXBuildFile; fileRef = 8B9C5BBE25BAC55D00804E46 /* Assets.xcassets */; };
		8B9C5BC225BAC55D00804E46 /* LaunchScreen.storyboard in Resources */ = {isa = PBXBuildFile; fileRef = 8B9C5BC025BAC55D00804E46 /* LaunchScreen.storyboard */; };
		8B9C5BCD25BAC55D00804E46 /* neversitupTests.swift in Sources */ = {isa = PBXBuildFile; fileRef = 8B9C5BCC25BAC55D00804E46 /* neversitupTests.swift */; };
		8B9C5BD825BAC55D00804E46 /* neversitupUITests.swift in Sources */ = {isa = PBXBuildFile; fileRef = 8B9C5BD725BAC55D00804E46 /* neversitupUITests.swift */; };
/* End PBXBuildFile section */

/* Begin PBXContainerItemProxy section */
		8B9C5BC925BAC55D00804E46 /* PBXContainerItemProxy */ = {
			isa = PBXContainerItemProxy;
			containerPortal = 8B9C5BAA25BAC55A00804E46 /* Project object */;
			proxyType = 1;
			remoteGlobalIDString = 8B9C5BB125BAC55A00804E46;
			remoteInfo = neversitup;
		};
		8B9C5BD425BAC55D00804E46 /* PBXContainerItemProxy */ = {
			isa = PBXContainerItemProxy;
			containerPortal = 8B9C5BAA25BAC55A00804E46 /* Project object */;
			proxyType = 1;
			remoteGlobalIDString = 8B9C5BB125BAC55A00804E46;
			remoteInfo = neversitup;
		};
/* End PBXContainerItemProxy section */

/* Begin PBXFileReference section */
		8B9C5BB225BAC55A00804E46 /* neversitup.app */ = {isa = PBXFileReference; explicitFileType = wrapper.application; includeInIndex = 0; path = neversitup.app; sourceTree = BUILT_PRODUCTS_DIR; };
		8B9C5BB525BAC55A00804E46 /* AppDelegate.swift */ = {isa = PBXFileReference; lastKnownFileType = sourcecode.swift; path = AppDelegate.swift; sourceTree = "<group>"; };
		8B9C5BB725BAC55A00804E46 /* SceneDelegate.swift */ = {isa = PBXFileReference; lastKnownFileType = sourcecode.swift; path = SceneDelegate.swift; sourceTree = "<group>"; };
		8B9C5BB925BAC55A00804E46 /* ViewController.swift */ = {isa = PBXFileReference; lastKnownFileType = sourcecode.swift; path = ViewController.swift; sourceTree = "<group>"; };
		8B9C5BBC25BAC55A00804E46 /* Base */ = {isa = PBXFileReference; lastKnownFileType = file.storyboard; name = Base; path = Base.lproj/Main.storyboard; sourceTree = "<group>"; };
		8B9C5BBE25BAC55D00804E46 /* Assets.xcassets */ = {isa = PBXFileReference; lastKnownFileType = folder.assetcatalog; path = Assets.xcassets; sourceTree = "<group>"; };
		8B9C5BC125BAC55D00804E46 /* Base */ = {isa = PBXFileReference; lastKnownFileType = file.storyboard; name = Base; path = Base.lproj/LaunchScreen.storyboard; sourceTree = "<group>"; };
		8B9C5BC325BAC55D00804E46 /* Info.plist */ = {isa = PBXFileReference; lastKnownFileType = text.plist.xml; path = Info.plist; sourceTree = "<group>"; };
		8B9C5BC825BAC55D00804E46 /* neversitupTests.xctest */ = {isa = PBXFileReference; explicitFileType = wrapper.cfbundle; includeInIndex = 0; path = neversitupTests.xctest; sourceTree = BUILT_PRODUCTS_DIR; };
		8B9C5BCC25BAC55D00804E46 /* neversitupTests.swift */ = {isa = PBXFileReference; lastKnownFileType = sourcecode.swift; path = neversitupTests.swift; sourceTree = "<group>"; };
		8B9C5BCE25BAC55D00804E46 /* Info.plist */ = {isa = PBXFileReference; lastKnownFileType = text.plist.xml; path = Info.plist; sourceTree = "<group>"; };
		8B9C5BD325BAC55D00804E46 /* neversitupUITests.xctest */ = {isa = PBXFileReference; explicitFileType = wrapper.cfbundle; includeInIndex = 0; path = neversitupUITests.xctest; sourceTree = BUILT_PRODUCTS_DIR; };
		8B9C5BD725BAC55D00804E46 /* neversitupUITests.swift */ = {isa = PBXFileReference; lastKnownFileType = sourcecode.swift; path = neversitupUITests.swift; sourceTree = "<group>"; };
		8B9C5BD925BAC55D00804E46 /* Info.plist */ = {isa = PBXFileReference; lastKnownFileType = text.plist.xml; path = Info.plist; sourceTree = "<group>"; };
/* End PBXFileReference section */

/* Begin PBXFrameworksBuildPhase section */
		8B9C5BAF25BAC55A00804E46 /* Frameworks */ = {
			isa = PBXFrameworksBuildPhase;
			buildActionMask = 2147483647;
			files = (
			);
			runOnlyForDeploymentPostprocessing = 0;
		};
		8B9C5BC525BAC55D00804E46 /* Frameworks */ = {
			isa = PBXFrameworksBuildPhase;
			buildActionMask = 2147483647;
			files = (
			);
			runOnlyForDeploymentPostprocessing = 0;
		};
		8B9C5BD025BAC55D00804E46 /* Frameworks */ = {
			isa = PBXFrameworksBuildPhase;
			buildActionMask = 2147483647;
			files = (
			);
			runOnlyForDeploymentPostprocessing = 0;
		};
/* End PBXFrameworksBuildPhase section */

/* Begin PBXGroup section */
		8B9C5BA925BAC55A00804E46 = {
			isa = PBXGroup;
			children = (
				8B9C5BB425BAC55A00804E46 /* neversitup */,
				8B9C5BCB25BAC55D00804E46 /* neversitupTests */,
				8B9C5BD625BAC55D00804E46 /* neversitupUITests */,
				8B9C5BB325BAC55A00804E46 /* Products */,
			);
			sourceTree = "<group>";
		};
		8B9C5BB325BAC55A00804E46 /* Products */ = {
			isa = PBXGroup;
			children = (
				8B9C5BB225BAC55A00804E46 /* neversitup.app */,
				8B9C5BC825BAC55D00804E46 /* neversitupTests.xctest */,
				8B9C5BD325BAC55D00804E46 /* neversitupUITests.xctest */,
			);
			name = Products;
			sourceTree = "<group>";
		};
		8B9C5BB425BAC55A00804E46 /* neversitup */ = {
			isa = PBXGroup;
			children = (
				8B9C5BB525BAC55A00804E46 /* AppDelegate.swift */,
				8B9C5BB725BAC55A00804E46 /* SceneDelegate.swift */,
				8B9C5BB925BAC55A00804E46 /* ViewController.swift */,
				8B9C5BBB25BAC55A00804E46 /* Main.storyboard */,
				8B9C5BBE25BAC55D00804E46 /* Assets.xcassets */,
				8B9C5BC025BAC55D00804E46 /* LaunchScreen.storyboard */,
				8B9C5BC325BAC55D00804E46 /* Info.plist */,
			);
			path = neversitup;
			sourceTree = "<group>";
		};
		8B9C5BCB25BAC55D00804E46 /* neversitupTests */ = {
			isa = PBXGroup;
			children = (
				8B9C5BCC25BAC55D00804E46 /* neversitupTests.swift */,
				8B9C5BCE25BAC55D00804E46 /* Info.plist */,
			);
			path = neversitupTests;
			sourceTree = "<group>";
		};
		8B9C5BD625BAC55D00804E46 /* neversitupUITests */ = {
			isa = PBXGroup;
			children = (
				8B9C5BD725BAC55D00804E46 /* neversitupUITests.swift */,
				8B9C5BD925BAC55D00804E46 /* Info.plist */,
			);
			path = neversitupUITests;
			sourceTree = "<group>";
		};
/* End PBXGroup section */

/* Begin PBXNativeTarget section */
		8B9C5BB125BAC55A00804E46 /* neversitup */ = {
			isa = PBXNativeTarget;
			buildConfigurationList = 8B9C5BDC25BAC55D00804E46 /* Build configuration list for PBXNativeTarget "neversitup" */;
			buildPhases = (
				8B9C5BAE25BAC55A00804E46 /* Sources */,
				8B9C5BAF25BAC55A00804E46 /* Frameworks */,
				8B9C5BB025BAC55A00804E46 /* Resources */,
			);
			buildRules = (
			);
			dependencies = (
			);
			name = neversitup;
			productName = neversitup;
			productReference = 8B9C5BB225BAC55A00804E46 /* neversitup.app */;
			productType = "com.apple.product-type.application";
		};
		8B9C5BC725BAC55D00804E46 /* neversitupTests */ = {
			isa = PBXNativeTarget;
			buildConfigurationList = 8B9C5BDF25BAC55D00804E46 /* Build configuration list for PBXNativeTarget "neversitupTests" */;
			buildPhases = (
				8B9C5BC425BAC55D00804E46 /* Sources */,
				8B9C5BC525BAC55D00804E46 /* Frameworks */,
				8B9C5BC625BAC55D00804E46 /* Resources */,
			);
			buildRules = (
			);
			dependencies = (
				8B9C5BCA25BAC55D00804E46 /* PBXTargetDependency */,
			);
			name = neversitupTests;
			productName = neversitupTests;
			productReference = 8B9C5BC825BAC55D00804E46 /* neversitupTests.xctest */;
			productType = "com.apple.product-type.bundle.unit-test";
		};
		8B9C5BD225BAC55D00804E46 /* neversitupUITests */ = {
			isa = PBXNativeTarget;
			buildConfigurationList = 8B9C5BE225BAC55D00804E46 /* Build configuration list for PBXNativeTarget "neversitupUITests" */;
			buildPhases = (
				8B9C5BCF25BAC55D00804E46 /* Sources */,
				8B9C5BD025BAC55D00804E46 /* Frameworks */,
				8B9C5BD125BAC55D00804E46 /* Resources */,
			);
			buildRules = (
			);
			dependencies = (
				8B9C5BD525BAC55D00804E46 /* PBXTargetDependency */,
			);
			name = neversitupUITests;
			productName = neversitupUITests;
			productReference = 8B9C5BD325BAC55D00804E46 /* neversitupUITests.xctest */;
			productType = "com.apple.product-type.bundle.ui-testing";
		};
/* End PBXNativeTarget section */

/* Begin PBXProject section */
		8B9C5BAA25BAC55A00804E46 /* Project object */ = {
			isa = PBXProject;
			attributes = {
				LastSwiftUpdateCheck = 1230;
				LastUpgradeCheck = 1230;
				TargetAttributes = {
					8B9C5BB125BAC55A00804E46 = {
						CreatedOnToolsVersion = 12.3;
					};
					8B9C5BC725BAC55D00804E46 = {
						CreatedOnToolsVersion = 12.3;
						TestTargetID = 8B9C5BB125BAC55A00804E46;
					};
					8B9C5BD225BAC55D00804E46 = {
						CreatedOnToolsVersion = 12.3;
						TestTargetID = 8B9C5BB125BAC55A00804E46;
					};
				};
			};
			buildConfigurationList = 8B9C5BAD25BAC55A00804E46 /* Build configuration list for PBXProject "neversitup" */;
			compatibilityVersion = "Xcode 9.3";
			developmentRegion = en;
			hasScannedForEncodings = 0;
			knownRegions = (
				en,
				Base,
			);
			mainGroup = 8B9C5BA925BAC55A00804E46;
			productRefGroup = 8B9C5BB325BAC55A00804E46 /* Products */;
			projectDirPath = "";
			projectRoot = "";
			targets = (
				8B9C5BB125BAC55A00804E46 /* neversitup */,
				8B9C5BC725BAC55D00804E46 /* neversitupTests */,
				8B9C5BD225BAC55D00804E46 /* neversitupUITests */,
			);
		};
/* End PBXProject section */

/* Begin PBXResourcesBuildPhase section */
		8B9C5BB025BAC55A00804E46 /* Resources */ = {
			isa = PBXResourcesBuildPhase;
			buildActionMask = 2147483647;
			files = (
				8B9C5BC225BAC55D00804E46 /* LaunchScreen.storyboard in Resources */,
				8B9C5BBF25BAC55D00804E46 /* Assets.xcassets in Resources */,
				8B9C5BBD25BAC55A00804E46 /* Main.storyboard in Resources */,
			);
			runOnlyForDeploymentPostprocessing = 0;
		};
		8B9C5BC625BAC55D00804E46 /* Resources */ = {
			isa = PBXResourcesBuildPhase;
			buildActionMask = 2147483647;
			files = (
			);
			runOnlyForDeploymentPostprocessing = 0;
		};
		8B9C5BD125BAC55D00804E46 /* Resources */ = {
			isa = PBXResourcesBuildPhase;
			buildActionMask = 2147483647;
			files = (
			);
			runOnlyForDeploymentPostprocessing = 0;
		};
/* End PBXResourcesBuildPhase section */

/* Begin PBXSourcesBuildPhase section */
		8B9C5BAE25BAC55A00804E46 /* Sources */ = {
			isa = PBXSourcesBuildPhase;
			buildActionMask = 2147483647;
			files = (
				8B9C5BBA25BAC55A00804E46 /* ViewController.swift in Sources */,
				8B9C5BB625BAC55A00804E46 /* AppDelegate.swift in Sources */,
				8B9C5BB825BAC55A00804E46 /* SceneDelegate.swift in Sources */,
			);
			runOnlyForDeploymentPostprocessing = 0;
		};
		8B9C5BC425BAC55D00804E46 /* Sources */ = {
			isa = PBXSourcesBuildPhase;
			buildActionMask = 2147483647;
			files = (
				8B9C5BCD25BAC55D00804E46 /* neversitupTests.swift in Sources */,
			);
			runOnlyForDeploymentPostprocessing = 0;
		};
		8B9C5BCF25BAC55D00804E46 /* Sources */ = {
			isa = PBXSourcesBuildPhase;
			buildActionMask = 2147483647;
			files = (
				8B9C5BD825BAC55D00804E46 /* neversitupUITests.swift in Sources */,
			);
			runOnlyForDeploymentPostprocessing = 0;
		};
/* End PBXSourcesBuildPhase section */

/* Begin PBXTargetDependency section */
		8B9C5BCA25BAC55D00804E46 /* PBXTargetDependency */ = {
			isa = PBXTargetDependency;
			target = 8B9C5BB125BAC55A00804E46 /* neversitup */;
			targetProxy = 8B9C5BC925BAC55D00804E46 /* PBXContainerItemProxy */;
		};
		8B9C5BD525BAC55D00804E46 /* PBXTargetDependency */ = {
			isa = PBXTargetDependency;
			target = 8B9C5BB125BAC55A00804E46 /* neversitup */;
			targetProxy = 8B9C5BD425BAC55D00804E46 /* PBXContainerItemProxy */;
		};
/* End PBXTargetDependency section */

/* Begin PBXVariantGroup section */
		8B9C5BBB25BAC55A00804E46 /* Main.storyboard */ = {
			isa = PBXVariantGroup;
			children = (
				8B9C5BBC25BAC55A00804E46 /* Base */,
			);
			name = Main.storyboard;
			sourceTree = "<group>";
		};
		8B9C5BC025BAC55D00804E46 /* LaunchScreen.storyboard */ = {
			isa = PBXVariantGroup;
			children = (
				8B9C5BC125BAC55D00804E46 /* Base */,
			);
			name = LaunchScreen.storyboard;
			sourceTree = "<group>";
		};
/* End PBXVariantGroup section */

/* Begin XCBuildConfiguration section */
		8B9C5BDA25BAC55D00804E46 /* Debug */ = {
			isa = XCBuildConfiguration;
			buildSettings = {
				ALWAYS_SEARCH_USER_PATHS = NO;
				CLANG_ANALYZER_NONNULL = YES;
				CLANG_ANALYZER_NUMBER_OBJECT_CONVERSION = YES_AGGRESSIVE;
				CLANG_CXX_LANGUAGE_STANDARD = "gnu++14";
				CLANG_CXX_LIBRARY = "libc++";
				CLANG_ENABLE_MODULES = YES;
				CLANG_ENABLE_OBJC_ARC = YES;
				CLANG_ENABLE_OBJC_WEAK = YES;
				CLANG_WARN_BLOCK_CAPTURE_AUTORELEASING = YES;
				CLANG_WARN_BOOL_CONVERSION = YES;
				CLANG_WARN_COMMA = YES;
				CLANG_WARN_CONSTANT_CONVERSION = YES;
				CLANG_WARN_DEPRECATED_OBJC_IMPLEMENTATIONS = YES;
				CLANG_WARN_DIRECT_OBJC_ISA_USAGE = YES_ERROR;
				CLANG_WARN_DOCUMENTATION_COMMENTS = YES;
				CLANG_WARN_EMPTY_BODY = YES;
				CLANG_WARN_ENUM_CONVERSION = YES;
				CLANG_WARN_INFINITE_RECURSION = YES;
				CLANG_WARN_INT_CONVERSION = YES;
				CLANG_WARN_NON_LITERAL_NULL_CONVERSION = YES;
				CLANG_WARN_OBJC_IMPLICIT_RETAIN_SELF = YES;
				CLANG_WARN_OBJC_LITERAL_CONVERSION = YES;
				CLANG_WARN_OBJC_ROOT_CLASS = YES_ERROR;
				CLANG_WARN_QUOTED_INCLUDE_IN_FRAMEWORK_HEADER = YES;
				CLANG_WARN_RANGE_LOOP_ANALYSIS = YES;
				CLANG_WARN_STRICT_PROTOTYPES = YES;
				CLANG_WARN_SUSPICIOUS_MOVE = YES;
				CLANG_WARN_UNGUARDED_AVAILABILITY = YES_AGGRESSIVE;
				CLANG_WARN_UNREACHABLE_CODE = YES;
				CLANG_WARN__DUPLICATE_METHOD_MATCH = YES;
				COPY_PHASE_STRIP = NO;
				DEBUG_INFORMATION_FORMAT = dwarf;
				ENABLE_STRICT_OBJC_MSGSEND = YES;
				ENABLE_TESTABILITY = YES;
				GCC_C_LANGUAGE_STANDARD = gnu11;
				GCC_DYNAMIC_NO_PIC = NO;
				GCC_NO_COMMON_BLOCKS = YES;
				GCC_OPTIMIZATION_LEVEL = 0;
				GCC_PREPROCESSOR_DEFINITIONS = (
					"DEBUG=1",
					"$(inherited)",
				);
				GCC_WARN_64_TO_32_BIT_CONVERSION = YES;
				GCC_WARN_ABOUT_RETURN_TYPE = YES_ERROR;
				GCC_WARN_UNDECLARED_SELECTOR = YES;
				GCC_WARN_UNINITIALIZED_AUTOS = YES_AGGRESSIVE;
				GCC_WARN_UNUSED_FUNCTION = YES;
				GCC_WARN_UNUSED_VARIABLE = YES;
				IPHONEOS_DEPLOYMENT_TARGET = 14.3;
				MTL_ENABLE_DEBUG_INFO = INCLUDE_SOURCE;
				MTL_FAST_MATH = YES;
				ONLY_ACTIVE_ARCH = YES;
				SDKROOT = iphoneos;
				SWIFT_ACTIVE_COMPILATION_CONDITIONS = DEBUG;
				SWIFT_OPTIMIZATION_LEVEL = "-Onone";
			};
			name = Debug;
		};
		8B9C5BDB25BAC55D00804E46 /* Release */ = {
			isa = XCBuildConfiguration;
			buildSettings = {
				ALWAYS_SEARCH_USER_PATHS = NO;
				CLANG_ANALYZER_NONNULL = YES;
				CLANG_ANALYZER_NUMBER_OBJECT_CONVERSION = YES_AGGRESSIVE;
				CLANG_CXX_LANGUAGE_STANDARD = "gnu++14";
				CLANG_CXX_LIBRARY = "libc++";
				CLANG_ENABLE_MODULES = YES;
				CLANG_ENABLE_OBJC_ARC = YES;
				CLANG_ENABLE_OBJC_WEAK = YES;
				CLANG_WARN_BLOCK_CAPTURE_AUTORELEASING = YES;
				CLANG_WARN_BOOL_CONVERSION = YES;
				CLANG_WARN_COMMA = YES;
				CLANG_WARN_CONSTANT_CONVERSION = YES;
				CLANG_WARN_DEPRECATED_OBJC_IMPLEMENTATIONS = YES;
				CLANG_WARN_DIRECT_OBJC_ISA_USAGE = YES_ERROR;
				CLANG_WARN_DOCUMENTATION_COMMENTS = YES;
				CLANG_WARN_EMPTY_BODY = YES;
				CLANG_WARN_ENUM_CONVERSION = YES;
				CLANG_WARN_INFINITE_RECURSION = YES;
				CLANG_WARN_INT_CONVERSION = YES;
				CLANG_WARN_NON_LITERAL_NULL_CONVERSION = YES;
				CLANG_WARN_OBJC_IMPLICIT_RETAIN_SELF = YES;
				CLANG_WARN_OBJC_LITERAL_CONVERSION = YES;
				CLANG_WARN_OBJC_ROOT_CLASS = YES_ERROR;
				CLANG_WARN_QUOTED_INCLUDE_IN_FRAMEWORK_HEADER = YES;
				CLANG_WARN_RANGE_LOOP_ANALYSIS = YES;
				CLANG_WARN_STRICT_PROTOTYPES = YES;
				CLANG_WARN_SUSPICIOUS_MOVE = YES;
				CLANG_WARN_UNGUARDED_AVAILABILITY = YES_AGGRESSIVE;
				CLANG_WARN_UNREACHABLE_CODE = YES;
				CLANG_WARN__DUPLICATE_METHOD_MATCH = YES;
				COPY_PHASE_STRIP = NO;
				DEBUG_INFORMATION_FORMAT = "dwarf-with-dsym";
				ENABLE_NS_ASSERTIONS = NO;
				ENABLE_STRICT_OBJC_MSGSEND = YES;
				GCC_C_LANGUAGE_STANDARD = gnu11;
				GCC_NO_COMMON_BLOCKS = YES;
				GCC_WARN_64_TO_32_BIT_CONVERSION = YES;
				GCC_WARN_ABOUT_RETURN_TYPE = YES_ERROR;
				GCC_WARN_UNDECLARED_SELECTOR = YES;
				GCC_WARN_UNINITIALIZED_AUTOS = YES_AGGRESSIVE;
				GCC_WARN_UNUSED_FUNCTION = YES;
				GCC_WARN_UNUSED_VARIABLE = YES;
				IPHONEOS_DEPLOYMENT_TARGET = 14.3;
				MTL_ENABLE_DEBUG_INFO = NO;
				MTL_FAST_MATH = YES;
				SDKROOT = iphoneos;
				SWIFT_COMPILATION_MODE = wholemodule;
				SWIFT_OPTIMIZATION_LEVEL = "-O";
				VALIDATE_PRODUCT = YES;
			};
			name = Release;
		};
		8B9C5BDD25BAC55D00804E46 /* Debug */ = {
			isa = XCBuildConfiguration;
			buildSettings = {
				ASSETCATALOG_COMPILER_APPICON_NAME = AppIcon;
				ASSETCATALOG_COMPILER_GLOBAL_ACCENT_COLOR_NAME = AccentColor;
				CODE_SIGN_STYLE = Automatic;
				DEVELOPMENT_TEAM = B4V56TD8R8;
				INFOPLIST_FILE = neversitup/Info.plist;
				LD_RUNPATH_SEARCH_PATHS = (
					"$(inherited)",
					"@executable_path/Frameworks",
				);
				PRODUCT_BUNDLE_IDENTIFIER = com.kw.interviewtest.neversitup;
				PRODUCT_NAME = "$(TARGET_NAME)";
				SWIFT_VERSION = 5.0;
				TARGETED_DEVICE_FAMILY = "1,2";
			};
			name = Debug;
		};
		8B9C5BDE25BAC55D00804E46 /* Release */ = {
			isa = XCBuildConfiguration;
			buildSettings = {
				ASSETCATALOG_COMPILER_APPICON_NAME = AppIcon;
				ASSETCATALOG_COMPILER_GLOBAL_ACCENT_COLOR_NAME = AccentColor;
				CODE_SIGN_STYLE = Automatic;
				DEVELOPMENT_TEAM = B4V56TD8R8;
				INFOPLIST_FILE = neversitup/Info.plist;
				LD_RUNPATH_SEARCH_PATHS = (
					"$(inherited)",
					"@executable_path/Frameworks",
				);
				PRODUCT_BUNDLE_IDENTIFIER = com.kw.interviewtest.neversitup;
				PRODUCT_NAME = "$(TARGET_NAME)";
				SWIFT_VERSION = 5.0;
				TARGETED_DEVICE_FAMILY = "1,2";
			};
			name = Release;
		};
		8B9C5BE025BAC55D00804E46 /* Debug */ = {
			isa = XCBuildConfiguration;
			buildSettings = {
				ALWAYS_EMBED_SWIFT_STANDARD_LIBRARIES = YES;
				BUNDLE_LOADER = "$(TEST_HOST)";
				CODE_SIGN_STYLE = Automatic;
				DEVELOPMENT_TEAM = B4V56TD8R8;
				INFOPLIST_FILE = neversitupTests/Info.plist;
				IPHONEOS_DEPLOYMENT_TARGET = 14.3;
				LD_RUNPATH_SEARCH_PATHS = (
					"$(inherited)",
					"@executable_path/Frameworks",
					"@loader_path/Frameworks",
				);
				PRODUCT_BUNDLE_IDENTIFIER = com.kw.interviewtest.neversitupTests;
				PRODUCT_NAME = "$(TARGET_NAME)";
				SWIFT_VERSION = 5.0;
				TARGETED_DEVICE_FAMILY = "1,2";
				TEST_HOST = "$(BUILT_PRODUCTS_DIR)/neversitup.app/neversitup";
			};
			name = Debug;
		};
		8B9C5BE125BAC55D00804E46 /* Release */ = {
			isa = XCBuildConfiguration;
			buildSettings = {
				ALWAYS_EMBED_SWIFT_STANDARD_LIBRARIES = YES;
				BUNDLE_LOADER = "$(TEST_HOST)";
				CODE_SIGN_STYLE = Automatic;
				DEVELOPMENT_TEAM = B4V56TD8R8;
				INFOPLIST_FILE = neversitupTests/Info.plist;
				IPHONEOS_DEPLOYMENT_TARGET = 14.3;
				LD_RUNPATH_SEARCH_PATHS = (
					"$(inherited)",
					"@executable_path/Frameworks",
					"@loader_path/Frameworks",
				);
				PRODUCT_BUNDLE_IDENTIFIER = com.kw.interviewtest.neversitupTests;
				PRODUCT_NAME = "$(TARGET_NAME)";
				SWIFT_VERSION = 5.0;
				TARGETED_DEVICE_FAMILY = "1,2";
				TEST_HOST = "$(BUILT_PRODUCTS_DIR)/neversitup.app/neversitup";
			};
			name = Release;
		};
		8B9C5BE325BAC55D00804E46 /* Debug */ = {
			isa = XCBuildConfiguration;
			buildSettings = {
				ALWAYS_EMBED_SWIFT_STANDARD_LIBRARIES = YES;
				CODE_SIGN_STYLE = Automatic;
				DEVELOPMENT_TEAM = B4V56TD8R8;
				INFOPLIST_FILE = neversitupUITests/Info.plist;
				LD_RUNPATH_SEARCH_PATHS = (
					"$(inherited)",
					"@executable_path/Frameworks",
					"@loader_path/Frameworks",
				);
				PRODUCT_BUNDLE_IDENTIFIER = com.kw.interviewtest.neversitupUITests;
				PRODUCT_NAME = "$(TARGET_NAME)";
				SWIFT_VERSION = 5.0;
				TARGETED_DEVICE_FAMILY = "1,2";
				TEST_TARGET_NAME = neversitup;
			};
			name = Debug;
		};
		8B9C5BE425BAC55D00804E46 /* Release */ = {
			isa = XCBuildConfiguration;
			buildSettings = {
				ALWAYS_EMBED_SWIFT_STANDARD_LIBRARIES = YES;
				CODE_SIGN_STYLE = Automatic;
				DEVELOPMENT_TEAM = B4V56TD8R8;
				INFOPLIST_FILE = neversitupUITests/Info.plist;
				LD_RUNPATH_SEARCH_PATHS = (
					"$(inherited)",
					"@executable_path/Frameworks",
					"@loader_path/Frameworks",
				);
				PRODUCT_BUNDLE_IDENTIFIER = com.kw.interviewtest.neversitupUITests;
				PRODUCT_NAME = "$(TARGET_NAME)";
				SWIFT_VERSION = 5.0;
				TARGETED_DEVICE_FAMILY = "1,2";
				TEST_TARGET_NAME = neversitup;
			};
			name = Release;
		};
/* End XCBuildConfiguration section */

/* Begin XCConfigurationList section */
		8B9C5BAD25BAC55A00804E46 /* Build configuration list for PBXProject "neversitup" */ = {
			isa = XCConfigurationList;
			buildConfigurations = (
				8B9C5BDA25BAC55D00804E46 /* Debug */,
				8B9C5BDB25BAC55D00804E46 /* Release */,
			);
			defaultConfigurationIsVisible = 0;
			defaultConfigurationName = Release;
		};
		8B9C5BDC25BAC55D00804E46 /* Build configuration list for PBXNativeTarget "neversitup" */ = {
			isa = XCConfigurationList;
			buildConfigurations = (
				8B9C5BDD25BAC55D00804E46 /* Debug */,
				8B9C5BDE25BAC55D00804E46 /* Release */,
			);
			defaultConfigurationIsVisible = 0;
			defaultConfigurationName = Release;
		};
		8B9C5BDF25BAC55D00804E46 /* Build configuration list for PBXNativeTarget "neversitupTests" */ = {
			isa = XCConfigurationList;
			buildConfigurations = (
				8B9C5BE025BAC55D00804E46 /* Debug */,
				8B9C5BE125BAC55D00804E46 /* Release */,
			);
			defaultConfigurationIsVisible = 0;
			defaultConfigurationName = Release;
		};
		8B9C5BE225BAC55D00804E46 /* Build configuration list for PBXNativeTarget "neversitupUITests" */ = {
			isa = XCConfigurationList;
			buildConfigurations = (
				8B9C5BE325BAC55D00804E46 /* Debug */,
				8B9C5BE425BAC55D00804E46 /* Release */,
			);
			defaultConfigurationIsVisible = 0;
			defaultConfigurationName = Release;
		};
/* End XCConfigurationList section */
	};
	rootObject = 8B9C5BAA25BAC55A00804E46 /* Project object */;
}
